
Microsoft Visual Studio Solution File, Format Version 12.00
# Visual Studio Version 17
VisualStudioVersion = 17.3.32825.248
MinimumVisualStudioVersion = 10.0.40219.1
Project("{FAE04EC0-301F-11D3-BF4B-00C04F79EFBC}") = "Akbil", "Akbil\Akbil.csproj", "{3413F8EC-D818-4099-8762-67831C6639CB}"
EndProject
Global
	GlobalSection(SolutionConfigurationPlatforms) = preSolution
		Debug|Any CPU = Debug|Any CPU
		Release|Any CPU = Release|Any CPU
	EndGlobalSection
	GlobalSection(ProjectConfigurationPlatforms) = postSolution
		{3413F8EC-D818-4099-8762-67831C6639CB}.Debug|Any CPU.ActiveCfg = Debug|Any CPU
		{3413F8EC-D818-4099-8762-67831C6639CB}.Debug|Any CPU.Build.0 = Debug|Any CPU
		{3413F8EC-D818-4099-8762-67831C6639CB}.Release|Any CPU.ActiveCfg = Release|Any CPU
		{3413F8EC-D818-4099-8762-67831C6639CB}.Release|Any CPU.Build.0 = Release|Any CPU
	EndGlobalSection
	GlobalSection(SolutionProperties) = preSolution
		HideSolutionNode = FALSE
	EndGlobalSection
	GlobalSection(ExtensibilityGlobals) = postSolution
		SolutionGuid = {EE31A4BF-E296-466A-AE16-8D3F84734196}
	EndGlobalSection
EndGlobal
